github.com/dtn7/cboring v0.1.5 h1:KW1mG+/SQZqrAUMC7tr0py9DlND6HFl4jMHhqKEmR0U=
github.com/dtn7/cboring v0.1.5/go.mod h1:in0CbowKLmRSo0x0UTJyeWZBAY7tptldG4IU0LtqAOo=
github.com/hashicorp/errwrap v1.0.0 h1:hLrqtEDnRye3+sgx6z4qVLNuviH3MR5aQ0ykNJa/UYA=
github.com/hashicorp/errwrap v1.0.0/go.mod h1:YH+1FKiLXxHSkmPseP+kNlulaMuP3n2brvKWEqk/Jc4=
github.com/hashicorp/go-multierror v1.1.1 h1:H5DkEtf6CXdFp0N0Em5UCwQpXMWke8IA0+lD48awMYo=
github.com/hashicorp/go-multierror v1.1.1/go.mod h1:iw975J/qwKPdAO1clOe2L8331t/9/fmwbPZ6JB6eMoM=
github.com/howeyc/crc16 v0.0.0-20171223171357-2b2a61e366a6 h1:IIVxLyDUYErC950b8kecjoqDet8P5S4lcVRUOM6rdkU=
github.com/howeyc/crc16 v0.0.0-20171223171357-2b2a61e366a6/go.mod h1:JslaLRrzGsOKJgFEPBP65Whn+rdwDQSk0I0MCRFe2Zw=
